
Microsoft Visual Studio Solution File, Format Version 12.00
# Visual Studio Version 17
VisualStudioVersion = 17.3.32825.248
MinimumVisualStudioVersion = 10.0.40219.1
Project("{9A19103F-16F7-4668-BE54-9A1E7A4F7556}") = "Laborator 19 - Exercitiu1", "Laborator 19 - Exercitiu1\Laborator 19 - Exercitiu1.csproj", "{8C4B0A05-7583-4506-96C6-1A3FAF6D18D3}"
EndProject
Project("{FAE04EC0-301F-11D3-BF4B-00C04F79EFBC}") = "Data", "Data\Data.csproj", "{9A3F753F-771E-4DC1-8F2A-491975600BEB}"
EndProject
Project("{FAE04EC0-301F-11D3-BF4B-00C04F79EFBC}") = "StudentApi", "StudentApi\StudentApi.csproj", "{98AAD10D-3759-40CC-8392-7DA990F76DEF}"
EndProject
Global
	GlobalSection(SolutionConfigurationPlatforms) = preSolution
		Debug|Any CPU = Debug|Any CPU
		Release|Any CPU = Release|Any CPU
	EndGlobalSection
	GlobalSection(ProjectConfigurationPlatforms) = postSolution
		{8C4B0A05-7583-4506-96C6-1A3FAF6D18D3}.Debug|Any CPU.ActiveCfg = Debug|Any CPU
		{8C4B0A05-7583-4506-96C6-1A3FAF6D18D3}.Debug|Any CPU.Build.0 = Debug|Any CPU
		{8C4B0A05-7583-4506-96C6-1A3FAF6D18D3}.Release|Any CPU.ActiveCfg = Release|Any CPU
		{8C4B0A05-7583-4506-96C6-1A3FAF6D18D3}.Release|Any CPU.Build.0 = Release|Any CPU
		{9A3F753F-771E-4DC1-8F2A-491975600BEB}.Debug|Any CPU.ActiveCfg = Debug|Any CPU
		{9A3F753F-771E-4DC1-8F2A-491975600BEB}.Debug|Any CPU.Build.0 = Debug|Any CPU
		{9A3F753F-771E-4DC1-8F2A-491975600BEB}.Release|Any CPU.ActiveCfg = Release|Any CPU
		{9A3F753F-771E-4DC1-8F2A-491975600BEB}.Release|Any CPU.Build.0 = Release|Any CPU
		{98AAD10D-3759-40CC-8392-7DA990F76DEF}.Debug|Any CPU.ActiveCfg = Debug|Any CPU
		{98AAD10D-3759-40CC-8392-7DA990F76DEF}.Debug|Any CPU.Build.0 = Debug|Any CPU
		{98AAD10D-3759-40CC-8392-7DA990F76DEF}.Release|Any CPU.ActiveCfg = Release|Any CPU
		{98AAD10D-3759-40CC-8392-7DA990F76DEF}.Release|Any CPU.Build.0 = Release|Any CPU
	EndGlobalSection
	GlobalSection(SolutionProperties) = preSolution
		HideSolutionNode = FALSE
	EndGlobalSection
	GlobalSection(ExtensibilityGlobals) = postSolution
		SolutionGuid = {1A82BFB0-2942-4072-AF83-EFCEF6FAC700}
	EndGlobalSection
EndGlobal
